// !$*UTF8*$!
{
	archiveVersion = 1;
	classes = {
	};
	objectVersion = 46;
	objects = {

/* Begin PBXBuildFile section */
		1754A2E11D649FE500C18717 /* CircleColcorPicker.m in Sources */ = {isa = PBXBuildFile; fileRef = 1754A2D51D649FE500C18717 /* CircleColcorPicker.m */; };
		1754A2E21D649FE500C18717 /* constants.m in Sources */ = {isa = PBXBuildFile; fileRef = 1754A2D71D649FE500C18717 /* constants.m */; };
		1754A2E31D649FE500C18717 /* InfColorIndicatorView.m in Sources */ = {isa = PBXBuildFile; fileRef = 1754A2D91D649FE500C18717 /* InfColorIndicatorView.m */; };
		1754A2E51D649FE500C18717 /* SquareColorPicker.m in Sources */ = {isa = PBXBuildFile; fileRef = 1754A2DD1D649FE500C18717 /* SquareColorPicker.m */; };
		175BE8341D7420FE0033EDCE /* UIColor+FGTColor.m in Sources */ = {isa = PBXBuildFile; fileRef = 175BE8331D7420FE0033EDCE /* UIColor+FGTColor.m */; };
		176C31311D65EEB000B9A1D6 /* PaletteViewController.m in Sources */ = {isa = PBXBuildFile; fileRef = 176C31301D65EEB000B9A1D6 /* PaletteViewController.m */; };
		176C31461D67002600B9A1D6 /* UIBezierPath+Brush.m in Sources */ = {isa = PBXBuildFile; fileRef = 176C31451D67002600B9A1D6 /* UIBezierPath+Brush.m */; };
		176C314C1D67FFF700B9A1D6 /* BrushSlider.m in Sources */ = {isa = PBXBuildFile; fileRef = 176C314B1D67FFF700B9A1D6 /* BrushSlider.m */; };
		176C314F1D69AB5600B9A1D6 /* LayerControl.m in Sources */ = {isa = PBXBuildFile; fileRef = 176C314E1D69AB5600B9A1D6 /* LayerControl.m */; };
		176D10EE1D5CDF3B00A0DD31 /* main.m in Sources */ = {isa = PBXBuildFile; fileRef = 176D10ED1D5CDF3B00A0DD31 /* main.m */; };
		176D10F11D5CDF3B00A0DD31 /* AppDelegate.m in Sources */ = {isa = PBXBuildFile; fileRef = 176D10F01D5CDF3B00A0DD31 /* AppDelegate.m */; };
		176D10F41D5CDF3B00A0DD31 /* MainViewController.m in Sources */ = {isa = PBXBuildFile; fileRef = 176D10F31D5CDF3B00A0DD31 /* MainViewController.m */; };
		176D10F71D5CDF3B00A0DD31 /* Main.storyboard in Resources */ = {isa = PBXBuildFile; fileRef = 176D10F51D5CDF3B00A0DD31 /* Main.storyboard */; };
		176D10F91D5CDF3B00A0DD31 /* Assets.xcassets in Resources */ = {isa = PBXBuildFile; fileRef = 176D10F81D5CDF3B00A0DD31 /* Assets.xcassets */; };
		176D10FC1D5CDF3B00A0DD31 /* LaunchScreen.storyboard in Resources */ = {isa = PBXBuildFile; fileRef = 176D10FA1D5CDF3B00A0DD31 /* LaunchScreen.storyboard */; };
		176D110F1D5CDFFB00A0DD31 /* Brush.m in Sources */ = {isa = PBXBuildFile; fileRef = 176D11041D5CDFFB00A0DD31 /* Brush.m */; };
		176D11101D5CDFFB00A0DD31 /* CanvasView.m in Sources */ = {isa = PBXBuildFile; fileRef = 176D11061D5CDFFB00A0DD31 /* CanvasView.m */; };
		176D11121D5CDFFB00A0DD31 /* DrawingLayer.m in Sources */ = {isa = PBXBuildFile; fileRef = 176D110A1D5CDFFB00A0DD31 /* DrawingLayer.m */; };
		176D111B1D5CE02400A0DD31 /* Stroke.m in Sources */ = {isa = PBXBuildFile; fileRef = 176D11161D5CE02400A0DD31 /* Stroke.m */; };
		176D111C1D5CE02400A0DD31 /* UIColor+BFPaperColors.m in Sources */ = {isa = PBXBuildFile; fileRef = 176D11181D5CE02400A0DD31 /* UIColor+BFPaperColors.m */; };
		176D111D1D5CE02400A0DD31 /* UIImage+FEBoxBlur.m in Sources */ = {isa = PBXBuildFile; fileRef = 176D111A1D5CE02400A0DD31 /* UIImage+FEBoxBlur.m */; };
		176D112F1D60CDB500A0DD31 /* FGTHSBSupport.m in Sources */ = {isa = PBXBuildFile; fileRef = 176D112D1D60CDB500A0DD31 /* FGTHSBSupport.m */; };
		1775FBEF1D7AB6A20096FF50 /* CanvasDao.m in Sources */ = {isa = PBXBuildFile; fileRef = 1775FBEE1D7AB6A20096FF50 /* CanvasDao.m */; };
		1775FBF81D7B156F0096FF50 /* BlendModeTableViewController.m in Sources */ = {isa = PBXBuildFile; fileRef = 1775FBF71D7B156F0096FF50 /* BlendModeTableViewController.m */; };
		1775FC091D7BD8E20096FF50 /* BlendMode.m in Sources */ = {isa = PBXBuildFile; fileRef = 1775FC061D7BD8E20096FF50 /* BlendMode.m */; };
		17C7CD041D6CA4CC00E5D47B /* Canvas.m in Sources */ = {isa = PBXBuildFile; fileRef = 17C7CD031D6CA4CC00E5D47B /* Canvas.m */; };
		17C7CD191D6FEA3100E5D47B /* LayerEditView.m in Sources */ = {isa = PBXBuildFile; fileRef = 17C7CD181D6FEA3100E5D47B /* LayerEditView.m */; };
		17C7CD1C1D70876A00E5D47B /* UIView+FGTDrawing.m in Sources */ = {isa = PBXBuildFile; fileRef = 17C7CD1B1D70876A00E5D47B /* UIView+FGTDrawing.m */; };
		17DDF6821D81AE5B007F2C11 /* UIImage+FGTDrawing.m in Sources */ = {isa = PBXBuildFile; fileRef = 17DDF6811D81AE5B007F2C11 /* UIImage+FGTDrawing.m */; };
		17DDF68A1D84608F007F2C11 /* FigureView.m in Sources */ = {isa = PBXBuildFile; fileRef = 17DDF6891D84608F007F2C11 /* FigureView.m */; };
		17DDF6901D85A2C2007F2C11 /* FigureGestureRecognizer.m in Sources */ = {isa = PBXBuildFile; fileRef = 17DDF68F1D85A2C2007F2C11 /* FigureGestureRecognizer.m */; };
		17DDF6961D8706CD007F2C11 /* Oval.m in Sources */ = {isa = PBXBuildFile; fileRef = 17DDF6951D8706CD007F2C11 /* Oval.m */; };
/* End PBXBuildFile section */

/* Begin PBXFileReference section */
		1754A2D41D649FE500C18717 /* CircleColcorPicker.h */ = {isa = PBXFileReference; fileEncoding = 4; lastKnownFileType = sourcecode.c.h; path = CircleColcorPicker.h; sourceTree = "<group>"; };
		1754A2D51D649FE500C18717 /* CircleColcorPicker.m */ = {isa = PBXFileReference; fileEncoding = 4; lastKnownFileType = sourcecode.c.objc; path = CircleColcorPicker.m; sourceTree = "<group>"; };
		1754A2D61D649FE500C18717 /* constants.h */ = {isa = PBXFileReference; fileEncoding = 4; lastKnownFileType = sourcecode.c.h; path = constants.h; sourceTree = "<group>"; };
		1754A2D71D649FE500C18717 /* constants.m */ = {isa = PBXFileReference; fileEncoding = 4; lastKnownFileType = sourcecode.c.objc; path = constants.m; sourceTree = "<group>"; };
		1754A2D81D649FE500C18717 /* InfColorIndicatorView.h */ = {isa = PBXFileReference; fileEncoding = 4; lastKnownFileType = sourcecode.c.h; path = InfColorIndicatorView.h; sourceTree = "<group>"; };
		1754A2D91D649FE500C18717 /* InfColorIndicatorView.m */ = {isa = PBXFileReference; fileEncoding = 4; lastKnownFileType = sourcecode.c.objc; path = InfColorIndicatorView.m; sourceTree = "<group>"; };
		1754A2DC1D649FE500C18717 /* SquareColorPicker.h */ = {isa = PBXFileReference; fileEncoding = 4; lastKnownFileType = sourcecode.c.h; path = SquareColorPicker.h; sourceTree = "<group>"; };
		1754A2DD1D649FE500C18717 /* SquareColorPicker.m */ = {isa = PBXFileReference; fileEncoding = 4; lastKnownFileType = sourcecode.c.objc; path = SquareColorPicker.m; sourceTree = "<group>"; };
		175BE8321D7420FE0033EDCE /* UIColor+FGTColor.h */ = {isa = PBXFileReference; fileEncoding = 4; lastKnownFileType = sourcecode.c.h; path = "UIColor+FGTColor.h"; sourceTree = "<group>"; };
		175BE8331D7420FE0033EDCE /* UIColor+FGTColor.m */ = {isa = PBXFileReference; fileEncoding = 4; lastKnownFileType = sourcecode.c.objc; path = "UIColor+FGTColor.m"; sourceTree = "<group>"; };
		176C312F1D65EEB000B9A1D6 /* PaletteViewController.h */ = {isa = PBXFileReference; fileEncoding = 4; lastKnownFileType = sourcecode.c.h; path = PaletteViewController.h; sourceTree = "<group>"; };
		176C31301D65EEB000B9A1D6 /* PaletteViewController.m */ = {isa = PBXFileReference; fileEncoding = 4; lastKnownFileType = sourcecode.c.objc; path = PaletteViewController.m; sourceTree = "<group>"; };
		176C31441D67002600B9A1D6 /* UIBezierPath+Brush.h */ = {isa = PBXFileReference; fileEncoding = 4; lastKnownFileType = sourcecode.c.h; path = "UIBezierPath+Brush.h"; sourceTree = "<group>"; };
		176C31451D67002600B9A1D6 /* UIBezierPath+Brush.m */ = {isa = PBXFileReference; fileEncoding = 4; lastKnownFileType = sourcecode.c.objc; path = "UIBezierPath+Brush.m"; sourceTree = "<group>"; };
		176C314A1D67FFF700B9A1D6 /* BrushSlider.h */ = {isa = PBXFileReference; fileEncoding = 4; lastKnownFileType = sourcecode.c.h; path = BrushSlider.h; sourceTree = "<group>"; };
		176C314B1D67FFF700B9A1D6 /* BrushSlider.m */ = {isa = PBXFileReference; fileEncoding = 4; lastKnownFileType = sourcecode.c.objc; path = BrushSlider.m; sourceTree = "<group>"; };
		176C314D1D69AB5600B9A1D6 /* LayerControl.h */ = {isa = PBXFileReference; fileEncoding = 4; lastKnownFileType = sourcecode.c.h; path = LayerControl.h; sourceTree = "<group>"; };
		176C314E1D69AB5600B9A1D6 /* LayerControl.m */ = {isa = PBXFileReference; fileEncoding = 4; lastKnownFileType = sourcecode.c.objc; path = LayerControl.m; sourceTree = "<group>"; };
		176D10E91D5CDF3B00A0DD31 /* BrushTest.app */ = {isa = PBXFileReference; explicitFileType = wrapper.application; includeInIndex = 0; path = BrushTest.app; sourceTree = BUILT_PRODUCTS_DIR; };
		176D10ED1D5CDF3B00A0DD31 /* main.m */ = {isa = PBXFileReference; lastKnownFileType = sourcecode.c.objc; path = main.m; sourceTree = "<group>"; };
		176D10EF1D5CDF3B00A0DD31 /* AppDelegate.h */ = {isa = PBXFileReference; lastKnownFileType = sourcecode.c.h; path = AppDelegate.h; sourceTree = "<group>"; };
		176D10F01D5CDF3B00A0DD31 /* AppDelegate.m */ = {isa = PBXFileReference; lastKnownFileType = sourcecode.c.objc; path = AppDelegate.m; sourceTree = "<group>"; };
		176D10F21D5CDF3B00A0DD31 /* MainViewController.h */ = {isa = PBXFileReference; lastKnownFileType = sourcecode.c.h; path = MainViewController.h; sourceTree = "<group>"; };
		176D10F31D5CDF3B00A0DD31 /* MainViewController.m */ = {isa = PBXFileReference; lastKnownFileType = sourcecode.c.objc; path = MainViewController.m; sourceTree = "<group>"; };
		176D10F61D5CDF3B00A0DD31 /* Base */ = {isa = PBXFileReference; lastKnownFileType = file.storyboard; name = Base; path = Base.lproj/Main.storyboard; sourceTree = "<group>"; };
		176D10F81D5CDF3B00A0DD31 /* Assets.xcassets */ = {isa = PBXFileReference; lastKnownFileType = folder.assetcatalog; path = Assets.xcassets; sourceTree = "<group>"; };
		176D10FB1D5CDF3B00A0DD31 /* Base */ = {isa = PBXFileReference; lastKnownFileType = file.storyboard; name = Base; path = Base.lproj/LaunchScreen.storyboard; sourceTree = "<group>"; };
		176D10FD1D5CDF3B00A0DD31 /* Info.plist */ = {isa = PBXFileReference; lastKnownFileType = text.plist.xml; path = Info.plist; sourceTree = "<group>"; };
		176D11031D5CDFFB00A0DD31 /* Brush.h */ = {isa = PBXFileReference; fileEncoding = 4; lastKnownFileType = sourcecode.c.h; name = Brush.h; path = BrushTest/Brush.h; sourceTree = "<group>"; };
		176D11041D5CDFFB00A0DD31 /* Brush.m */ = {isa = PBXFileReference; fileEncoding = 4; lastKnownFileType = sourcecode.c.objc; name = Brush.m; path = BrushTest/Brush.m; sourceTree = "<group>"; };
		176D11051D5CDFFB00A0DD31 /* CanvasView.h */ = {isa = PBXFileReference; fileEncoding = 4; lastKnownFileType = sourcecode.c.h; path = CanvasView.h; sourceTree = "<group>"; };
		176D11061D5CDFFB00A0DD31 /* CanvasView.m */ = {isa = PBXFileReference; fileEncoding = 4; lastKnownFileType = sourcecode.c.objc; path = CanvasView.m; sourceTree = "<group>"; };
		176D11091D5CDFFB00A0DD31 /* DrawingLayer.h */ = {isa = PBXFileReference; fileEncoding = 4; lastKnownFileType = sourcecode.c.h; name = DrawingLayer.h; path = BrushTest/DrawingLayer.h; sourceTree = "<group>"; };
		176D110A1D5CDFFB00A0DD31 /* DrawingLayer.m */ = {isa = PBXFileReference; fileEncoding = 4; lastKnownFileType = sourcecode.c.objc; name = DrawingLayer.m; path = BrushTest/DrawingLayer.m; sourceTree = "<group>"; };
		176D11151D5CE02400A0DD31 /* Stroke.h */ = {isa = PBXFileReference; fileEncoding = 4; lastKnownFileType = sourcecode.c.h; name = Stroke.h; path = BrushTest/Stroke.h; sourceTree = "<group>"; };
		176D11161D5CE02400A0DD31 /* Stroke.m */ = {isa = PBXFileReference; fileEncoding = 4; lastKnownFileType = sourcecode.c.objc; name = Stroke.m; path = BrushTest/Stroke.m; sourceTree = "<group>"; };
		176D11171D5CE02400A0DD31 /* UIColor+BFPaperColors.h */ = {isa = PBXFileReference; fileEncoding = 4; lastKnownFileType = sourcecode.c.h; path = "UIColor+BFPaperColors.h"; sourceTree = "<group>"; };
		176D11181D5CE02400A0DD31 /* UIColor+BFPaperColors.m */ = {isa = PBXFileReference; fileEncoding = 4; lastKnownFileType = sourcecode.c.objc; path = "UIColor+BFPaperColors.m"; sourceTree = "<group>"; };
		176D11191D5CE02400A0DD31 /* UIImage+FEBoxBlur.h */ = {isa = PBXFileReference; fileEncoding = 4; lastKnownFileType = sourcecode.c.h; path = "UIImage+FEBoxBlur.h"; sourceTree = "<group>"; };
		176D111A1D5CE02400A0DD31 /* UIImage+FEBoxBlur.m */ = {isa = PBXFileReference; fileEncoding = 4; lastKnownFileType = sourcecode.c.objc; path = "UIImage+FEBoxBlur.m"; sourceTree = "<group>"; };
		176D112C1D60CDB500A0DD31 /* FGTHSBSupport.h */ = {isa = PBXFileReference; fileEncoding = 4; lastKnownFileType = sourcecode.c.h; path = FGTHSBSupport.h; sourceTree = "<group>"; };
		176D112D1D60CDB500A0DD31 /* FGTHSBSupport.m */ = {isa = PBXFileReference; fileEncoding = 4; lastKnownFileType = sourcecode.c.objc; path = FGTHSBSupport.m; sourceTree = "<group>"; };
		1775FBED1D7AB6A20096FF50 /* CanvasDao.h */ = {isa = PBXFileReference; fileEncoding = 4; lastKnownFileType = sourcecode.c.h; name = CanvasDao.h; path = BrushTest/CanvasDao.h; sourceTree = "<group>"; };
		1775FBEE1D7AB6A20096FF50 /* CanvasDao.m */ = {isa = PBXFileReference; fileEncoding = 4; lastKnownFileType = sourcecode.c.objc; name = CanvasDao.m; path = BrushTest/CanvasDao.m; sourceTree = "<group>"; };
		1775FBF61D7B156F0096FF50 /* BlendModeTableViewController.h */ = {isa = PBXFileReference; fileEncoding = 4; lastKnownFileType = sourcecode.c.h; path = BlendModeTableViewController.h; sourceTree = "<group>"; };
		1775FBF71D7B156F0096FF50 /* BlendModeTableViewController.m */ = {isa = PBXFileReference; fileEncoding = 4; lastKnownFileType = sourcecode.c.objc; path = BlendModeTableViewController.m; sourceTree = "<group>"; };
		1775FC051D7BD8E20096FF50 /* BlendMode.h */ = {isa = PBXFileReference; fileEncoding = 4; lastKnownFileType = sourcecode.c.h; name = BlendMode.h; path = BrushTest/BlendMode.h; sourceTree = "<group>"; };
		1775FC061D7BD8E20096FF50 /* BlendMode.m */ = {isa = PBXFileReference; fileEncoding = 4; lastKnownFileType = sourcecode.c.objc; name = BlendMode.m; path = BrushTest/BlendMode.m; sourceTree = "<group>"; };
		17C7CD021D6CA4CC00E5D47B /* Canvas.h */ = {isa = PBXFileReference; fileEncoding = 4; lastKnownFileType = sourcecode.c.h; name = Canvas.h; path = BrushTest/Canvas.h; sourceTree = "<group>"; };
		17C7CD031D6CA4CC00E5D47B /* Canvas.m */ = {isa = PBXFileReference; fileEncoding = 4; lastKnownFileType = sourcecode.c.objc; name = Canvas.m; path = BrushTest/Canvas.m; sourceTree = "<group>"; };
		17C7CD171D6FEA3100E5D47B /* LayerEditView.h */ = {isa = PBXFileReference; fileEncoding = 4; lastKnownFileType = sourcecode.c.h; path = LayerEditView.h; sourceTree = "<group>"; };
		17C7CD181D6FEA3100E5D47B /* LayerEditView.m */ = {isa = PBXFileReference; fileEncoding = 4; lastKnownFileType = sourcecode.c.objc; path = LayerEditView.m; sourceTree = "<group>"; };
		17C7CD1A1D70876A00E5D47B /* UIView+FGTDrawing.h */ = {isa = PBXFileReference; fileEncoding = 4; lastKnownFileType = sourcecode.c.h; path = "UIView+FGTDrawing.h"; sourceTree = "<group>"; };
		17C7CD1B1D70876A00E5D47B /* UIView+FGTDrawing.m */ = {isa = PBXFileReference; fileEncoding = 4; lastKnownFileType = sourcecode.c.objc; path = "UIView+FGTDrawing.m"; sourceTree = "<group>"; };
		17DDF6801D81AE5B007F2C11 /* UIImage+FGTDrawing.h */ = {isa = PBXFileReference; fileEncoding = 4; lastKnownFileType = sourcecode.c.h; path = "UIImage+FGTDrawing.h"; sourceTree = "<group>"; };
		17DDF6811D81AE5B007F2C11 /* UIImage+FGTDrawing.m */ = {isa = PBXFileReference; fileEncoding = 4; lastKnownFileType = sourcecode.c.objc; path = "UIImage+FGTDrawing.m"; sourceTree = "<group>"; };
		17DDF6881D84608F007F2C11 /* FigureView.h */ = {isa = PBXFileReference; fileEncoding = 4; lastKnownFileType = sourcecode.c.h; path = FigureView.h; sourceTree = "<group>"; };
		17DDF6891D84608F007F2C11 /* FigureView.m */ = {isa = PBXFileReference; fileEncoding = 4; lastKnownFileType = sourcecode.c.objc; path = FigureView.m; sourceTree = "<group>"; };
		17DDF68E1D85A2C2007F2C11 /* FigureGestureRecognizer.h */ = {isa = PBXFileReference; fileEncoding = 4; lastKnownFileType = sourcecode.c.h; path = FigureGestureRecognizer.h; sourceTree = "<group>"; };
		17DDF68F1D85A2C2007F2C11 /* FigureGestureRecognizer.m */ = {isa = PBXFileReference; fileEncoding = 4; lastKnownFileType = sourcecode.c.objc; path = FigureGestureRecognizer.m; sourceTree = "<group>"; };
		17DDF6941D8706CD007F2C11 /* Oval.h */ = {isa = PBXFileReference; fileEncoding = 4; lastKnownFileType = sourcecode.c.h; path = Oval.h; sourceTree = "<group>"; };
		17DDF6951D8706CD007F2C11 /* Oval.m */ = {isa = PBXFileReference; fileEncoding = 4; lastKnownFileType = sourcecode.c.objc; path = Oval.m; sourceTree = "<group>"; };
/* End PBXFileReference section */

/* Begin PBXFrameworksBuildPhase section */
		176D10E61D5CDF3B00A0DD31 /* Frameworks */ = {
			isa = PBXFrameworksBuildPhase;
			buildActionMask = 2147483647;
			files = (
			);
			runOnlyForDeploymentPostprocessing = 0;
		};
/* End PBXFrameworksBuildPhase section */

/* Begin PBXGroup section */
		1754A2E71D649FFC00C18717 /* View */ = {
			isa = PBXGroup;
			children = (
				176D11191D5CE02400A0DD31 /* UIImage+FEBoxBlur.h */,
				176D111A1D5CE02400A0DD31 /* UIImage+FEBoxBlur.m */,
				176C314A1D67FFF700B9A1D6 /* BrushSlider.h */,
				176C314B1D67FFF700B9A1D6 /* BrushSlider.m */,
				176D11051D5CDFFB00A0DD31 /* CanvasView.h */,
				176D11061D5CDFFB00A0DD31 /* CanvasView.m */,
				1754A2D41D649FE500C18717 /* CircleColcorPicker.h */,
				1754A2D51D649FE500C18717 /* CircleColcorPicker.m */,
				1754A2D91D649FE500C18717 /* InfColorIndicatorView.m */,
				176C314D1D69AB5600B9A1D6 /* LayerControl.h */,
				176C314E1D69AB5600B9A1D6 /* LayerControl.m */,
				1754A2DC1D649FE500C18717 /* SquareColorPicker.h */,
				1754A2DD1D649FE500C18717 /* SquareColorPicker.m */,
				17C7CD171D6FEA3100E5D47B /* LayerEditView.h */,
				17C7CD181D6FEA3100E5D47B /* LayerEditView.m */,
				17C7CD1A1D70876A00E5D47B /* UIView+FGTDrawing.h */,
				17C7CD1B1D70876A00E5D47B /* UIView+FGTDrawing.m */,
				17DDF6881D84608F007F2C11 /* FigureView.h */,
				17DDF6891D84608F007F2C11 /* FigureView.m */,
			);
			name = View;
			sourceTree = "<group>";
		};
		175BE81F1D72C0E30033EDCE /* modal */ = {
			isa = PBXGroup;
			children = (
				1775FC051D7BD8E20096FF50 /* BlendMode.h */,
				1775FC061D7BD8E20096FF50 /* BlendMode.m */,
				176D11091D5CDFFB00A0DD31 /* DrawingLayer.h */,
				176D110A1D5CDFFB00A0DD31 /* DrawingLayer.m */,
				176D11031D5CDFFB00A0DD31 /* Brush.h */,
				176D11041D5CDFFB00A0DD31 /* Brush.m */,
				176D11151D5CE02400A0DD31 /* Stroke.h */,
				176D11161D5CE02400A0DD31 /* Stroke.m */,
				17C7CD021D6CA4CC00E5D47B /* Canvas.h */,
				17C7CD031D6CA4CC00E5D47B /* Canvas.m */,
				1775FBED1D7AB6A20096FF50 /* CanvasDao.h */,
				1775FBEE1D7AB6A20096FF50 /* CanvasDao.m */,
				17DDF6941D8706CD007F2C11 /* Oval.h */,
				17DDF6951D8706CD007F2C11 /* Oval.m */,
			);
			name = modal;
			sourceTree = "<group>";
		};
		176D10E01D5CDF3B00A0DD31 = {
			isa = PBXGroup;
			children = (
				175BE81F1D72C0E30033EDCE /* modal */,
				176D10EB1D5CDF3B00A0DD31 /* BrushTest */,
				176D10EA1D5CDF3B00A0DD31 /* Products */,
			);
			sourceTree = "<group>";
		};
		176D10EA1D5CDF3B00A0DD31 /* Products */ = {
			isa = PBXGroup;
			children = (
				176D10E91D5CDF3B00A0DD31 /* BrushTest.app */,
			);
			name = Products;
			sourceTree = "<group>";
		};
		176D10EB1D5CDF3B00A0DD31 /* BrushTest */ = {
			isa = PBXGroup;
			children = (
				1775FBF71D7B156F0096FF50 /* BlendModeTableViewController.m */,
				17DDF68E1D85A2C2007F2C11 /* FigureGestureRecognizer.h */,
				17DDF68F1D85A2C2007F2C11 /* FigureGestureRecognizer.m */,
				176C31441D67002600B9A1D6 /* UIBezierPath+Brush.h */,
				176C31451D67002600B9A1D6 /* UIBezierPath+Brush.m */,
				1754A2D61D649FE500C18717 /* constants.h */,
				1754A2D71D649FE500C18717 /* constants.m */,
				176D112C1D60CDB500A0DD31 /* FGTHSBSupport.h */,
				176D112D1D60CDB500A0DD31 /* FGTHSBSupport.m */,
				176D10F51D5CDF3B00A0DD31 /* Main.storyboard */,
				176D10F21D5CDF3B00A0DD31 /* MainViewController.h */,
				176D10F31D5CDF3B00A0DD31 /* MainViewController.m */,
				176C312F1D65EEB000B9A1D6 /* PaletteViewController.h */,
				176C31301D65EEB000B9A1D6 /* PaletteViewController.m */,
				1775FBF61D7B156F0096FF50 /* BlendModeTableViewController.h */,
				175BE8321D7420FE0033EDCE /* UIColor+FGTColor.h */,
				175BE8331D7420FE0033EDCE /* UIColor+FGTColor.m */,
				1754A2D81D649FE500C18717 /* InfColorIndicatorView.h */,
				176D11171D5CE02400A0DD31 /* UIColor+BFPaperColors.h */,
				176D11181D5CE02400A0DD31 /* UIColor+BFPaperColors.m */,
				17DDF6801D81AE5B007F2C11 /* UIImage+FGTDrawing.h */,
				17DDF6811D81AE5B007F2C11 /* UIImage+FGTDrawing.m */,
				176D10EC1D5CDF3B00A0DD31 /* Supporting Files */,
				1754A2E71D649FFC00C18717 /* View */,
			);
			path = BrushTest;
			sourceTree = "<group>";
		};
		176D10EC1D5CDF3B00A0DD31 /* Supporting Files */ = {
			isa = PBXGroup;
			children = (
				176D10FD1D5CDF3B00A0DD31 /* Info.plist */,
				176D10EF1D5CDF3B00A0DD31 /* AppDelegate.h */,
				176D10F01D5CDF3B00A0DD31 /* AppDelegate.m */,
				176D10F81D5CDF3B00A0DD31 /* Assets.xcassets */,
				176D10FA1D5CDF3B00A0DD31 /* LaunchScreen.storyboard */,
				176D10ED1D5CDF3B00A0DD31 /* main.m */,
			);
			name = "Supporting Files";
			sourceTree = "<group>";
		};
/* End PBXGroup section */

/* Begin PBXNativeTarget section */
		176D10E81D5CDF3B00A0DD31 /* BrushTest */ = {
			isa = PBXNativeTarget;
			buildConfigurationList = 176D11001D5CDF3B00A0DD31 /* Build configuration list for PBXNativeTarget "BrushTest" */;
			buildPhases = (
				176D10E51D5CDF3B00A0DD31 /* Sources */,
				176D10E61D5CDF3B00A0DD31 /* Frameworks */,
				176D10E71D5CDF3B00A0DD31 /* Resources */,
			);
			buildRules = (
			);
			dependencies = (
			);
			name = BrushTest;
			productName = BrushTest;
			productReference = 176D10E91D5CDF3B00A0DD31 /* BrushTest.app */;
			productType = "com.apple.product-type.application";
		};
/* End PBXNativeTarget section */

/* Begin PBXProject section */
		176D10E11D5CDF3B00A0DD31 /* Project object */ = {
			isa = PBXProject;
			attributes = {
				LastUpgradeCheck = 0730;
				ORGANIZATIONNAME = Coding;
				TargetAttributes = {
					176D10E81D5CDF3B00A0DD31 = {
						CreatedOnToolsVersion = 7.3.1;
						DevelopmentTeam = TQWU9HD7N3;
					};
				};
			};
			buildConfigurationList = 176D10E41D5CDF3B00A0DD31 /* Build configuration list for PBXProject "BrushTest" */;
			compatibilityVersion = "Xcode 3.2";
			developmentRegion = English;
			hasScannedForEncodings = 0;
			knownRegions = (
				en,
				Base,
			);
			mainGroup = 176D10E01D5CDF3B00A0DD31;
			productRefGroup = 176D10EA1D5CDF3B00A0DD31 /* Products */;
			projectDirPath = "";
			projectRoot = "";
			targets = (
				176D10E81D5CDF3B00A0DD31 /* BrushTest */,
			);
		};
/* End PBXProject section */

/* Begin PBXResourcesBuildPhase section */
		176D10E71D5CDF3B00A0DD31 /* Resources */ = {
			isa = PBXResourcesBuildPhase;
			buildActionMask = 2147483647;
			files = (
				176D10FC1D5CDF3B00A0DD31 /* LaunchScreen.storyboard in Resources */,
				176D10F91D5CDF3B00A0DD31 /* Assets.xcassets in Resources */,
				176D10F71D5CDF3B00A0DD31 /* Main.storyboard in Resources */,
			);
			runOnlyForDeploymentPostprocessing = 0;
		};
/* End PBXResourcesBuildPhase section */

/* Begin PBXSourcesBuildPhase section */
		176D10E51D5CDF3B00A0DD31 /* Sources */ = {
			isa = PBXSourcesBuildPhase;
			buildActionMask = 2147483647;
			files = (
				176D111C1D5CE02400A0DD31 /* UIColor+BFPaperColors.m in Sources */,
				1754A2E11D649FE500C18717 /* CircleColcorPicker.m in Sources */,
				176D10F41D5CDF3B00A0DD31 /* MainViewController.m in Sources */,
				176D111B1D5CE02400A0DD31 /* Stroke.m in Sources */,
				176C31311D65EEB000B9A1D6 /* PaletteViewController.m in Sources */,
				176D112F1D60CDB500A0DD31 /* FGTHSBSupport.m in Sources */,
				17DDF6821D81AE5B007F2C11 /* UIImage+FGTDrawing.m in Sources */,
				1775FC091D7BD8E20096FF50 /* BlendMode.m in Sources */,
				175BE8341D7420FE0033EDCE /* UIColor+FGTColor.m in Sources */,
				1775FBF81D7B156F0096FF50 /* BlendModeTableViewController.m in Sources */,
				17C7CD1C1D70876A00E5D47B /* UIView+FGTDrawing.m in Sources */,
				176C314F1D69AB5600B9A1D6 /* LayerControl.m in Sources */,
				1754A2E31D649FE500C18717 /* InfColorIndicatorView.m in Sources */,
				176D10F11D5CDF3B00A0DD31 /* AppDelegate.m in Sources */,
				17C7CD041D6CA4CC00E5D47B /* Canvas.m in Sources */,
				17DDF68A1D84608F007F2C11 /* FigureView.m in Sources */,
				1754A2E51D649FE500C18717 /* SquareColorPicker.m in Sources */,
				17DDF6901D85A2C2007F2C11 /* FigureGestureRecognizer.m in Sources */,
				176D110F1D5CDFFB00A0DD31 /* Brush.m in Sources */,
				176D10EE1D5CDF3B00A0DD31 /* main.m in Sources */,
				1775FBEF1D7AB6A20096FF50 /* CanvasDao.m in Sources */,
				176D11101D5CDFFB00A0DD31 /* CanvasView.m in Sources */,
				176D11121D5CDFFB00A0DD31 /* DrawingLayer.m in Sources */,
				176D111D1D5CE02400A0DD31 /* UIImage+FEBoxBlur.m in Sources */,
				17DDF6961D8706CD007F2C11 /* Oval.m in Sources */,
				176C314C1D67FFF700B9A1D6 /* BrushSlider.m in Sources */,
				17C7CD191D6FEA3100E5D47B /* LayerEditView.m in Sources */,
				1754A2E21D649FE500C18717 /* constants.m in Sources */,
				176C31461D67002600B9A1D6 /* UIBezierPath+Brush.m in Sources */,
			);
			runOnlyForDeploymentPostprocessing = 0;
		};
/* End PBXSourcesBuildPhase section */

/* Begin PBXVariantGroup section */
		176D10F51D5CDF3B00A0DD31 /* Main.storyboard */ = {
			isa = PBXVariantGroup;
			children = (
				176D10F61D5CDF3B00A0DD31 /* Base */,
			);
			name = Main.storyboard;
			sourceTree = "<group>";
		};
		176D10FA1D5CDF3B00A0DD31 /* LaunchScreen.storyboard */ = {
			isa = PBXVariantGroup;
			children = (
				176D10FB1D5CDF3B00A0DD31 /* Base */,
			);
			name = LaunchScreen.storyboard;
			sourceTree = "<group>";
		};
/* End PBXVariantGroup section */

/* Begin XCBuildConfiguration section */
		176D10FE1D5CDF3B00A0DD31 /* Debug */ = {
			isa = XCBuildConfiguration;
			buildSettings = {
				ALWAYS_SEARCH_USER_PATHS = NO;
				CLANG_ANALYZER_NONNULL = YES;
				CLANG_CXX_LANGUAGE_STANDARD = "gnu++0x";
				CLANG_CXX_LIBRARY = "libc++";
				CLANG_ENABLE_MODULES = YES;
				CLANG_ENABLE_OBJC_ARC = YES;
				CLANG_WARN_BOOL_CONVERSION = YES;
				CLANG_WARN_CONSTANT_CONVERSION = YES;
				CLANG_WARN_DIRECT_OBJC_ISA_USAGE = YES_ERROR;
				CLANG_WARN_EMPTY_BODY = YES;
				CLANG_WARN_ENUM_CONVERSION = YES;
				CLANG_WARN_INT_CONVERSION = YES;
				CLANG_WARN_OBJC_ROOT_CLASS = YES_ERROR;
				CLANG_WARN_UNREACHABLE_CODE = YES;
				CLANG_WARN__DUPLICATE_METHOD_MATCH = YES;
				"CODE_SIGN_IDENTITY[sdk=iphoneos*]" = "iPhone Developer";
				COPY_PHASE_STRIP = NO;
				DEBUG_INFORMATION_FORMAT = dwarf;
				ENABLE_STRICT_OBJC_MSGSEND = YES;
				ENABLE_TESTABILITY = YES;
				GCC_C_LANGUAGE_STANDARD = gnu99;
				GCC_DYNAMIC_NO_PIC = NO;
				GCC_NO_COMMON_BLOCKS = YES;
				GCC_OPTIMIZATION_LEVEL = 0;
				GCC_PREPROCESSOR_DEFINITIONS = (
					"DEBUG=1",
					"$(inherited)",
				);
				GCC_WARN_64_TO_32_BIT_CONVERSION = YES;
				GCC_WARN_ABOUT_RETURN_TYPE = YES_ERROR;
				GCC_WARN_UNDECLARED_SELECTOR = YES;
				GCC_WARN_UNINITIALIZED_AUTOS = YES_AGGRESSIVE;
				GCC_WARN_UNUSED_FUNCTION = YES;
				GCC_WARN_UNUSED_VARIABLE = YES;
				IPHONEOS_DEPLOYMENT_TARGET = 9.3;
				MTL_ENABLE_DEBUG_INFO = YES;
				ONLY_ACTIVE_ARCH = YES;
				SDKROOT = iphoneos;
				TARGETED_DEVICE_FAMILY = "1,2";
			};
			name = Debug;
		};
		176D10FF1D5CDF3B00A0DD31 /* Release */ = {
			isa = XCBuildConfiguration;
			buildSettings = {
				ALWAYS_SEARCH_USER_PATHS = NO;
				CLANG_ANALYZER_NONNULL = YES;
				CLANG_CXX_LANGUAGE_STANDARD = "gnu++0x";
				CLANG_CXX_LIBRARY = "libc++";
				CLANG_ENABLE_MODULES = YES;
				CLANG_ENABLE_OBJC_ARC = YES;
				CLANG_WARN_BOOL_CONVERSION = YES;
				CLANG_WARN_CONSTANT_CONVERSION = YES;
				CLANG_WARN_DIRECT_OBJC_ISA_USAGE = YES_ERROR;
				CLANG_WARN_EMPTY_BODY = YES;
				CLANG_WARN_ENUM_CONVERSION = YES;
				CLANG_WARN_INT_CONVERSION = YES;
				CLANG_WARN_OBJC_ROOT_CLASS = YES_ERROR;
				CLANG_WARN_UNREACHABLE_CODE = YES;
				CLANG_WARN__DUPLICATE_METHOD_MATCH = YES;
				"CODE_SIGN_IDENTITY[sdk=iphoneos*]" = "iPhone Developer";
				COPY_PHASE_STRIP = NO;
				DEBUG_INFORMATION_FORMAT = "dwarf-with-dsym";
				ENABLE_NS_ASSERTIONS = NO;
				ENABLE_STRICT_OBJC_MSGSEND = YES;
				GCC_C_LANGUAGE_STANDARD = gnu99;
				GCC_NO_COMMON_BLOCKS = YES;
				GCC_WARN_64_TO_32_BIT_CONVERSION = YES;
				GCC_WARN_ABOUT_RETURN_TYPE = YES_ERROR;
				GCC_WARN_UNDECLARED_SELECTOR = YES;
				GCC_WARN_UNINITIALIZED_AUTOS = YES_AGGRESSIVE;
				GCC_WARN_UNUSED_FUNCTION = YES;
				GCC_WARN_UNUSED_VARIABLE = YES;
				IPHONEOS_DEPLOYMENT_TARGET = 9.3;
				MTL_ENABLE_DEBUG_INFO = NO;
				SDKROOT = iphoneos;
				TARGETED_DEVICE_FAMILY = "1,2";
				VALIDATE_PRODUCT = YES;
			};
			name = Release;
		};
		176D11011D5CDF3B00A0DD31 /* Debug */ = {
			isa = XCBuildConfiguration;
			buildSettings = {
				ASSETCATALOG_COMPILER_APPICON_NAME = AppIcon;
				HEADER_SEARCH_PATHS = "";
				INFOPLIST_FILE = BrushTest/Info.plist;
				LD_RUNPATH_SEARCH_PATHS = "$(inherited) @executable_path/Frameworks";
				LIBRARY_SEARCH_PATHS = (
					"$(inherited)",
					"$(PROJECT_DIR)/BrushTest",
				);
				OTHER_LDFLAGS = "-ObjC";
				PRODUCT_BUNDLE_IDENTIFIER = fglt.BrushTest;
				PRODUCT_NAME = "$(TARGET_NAME)";
				TARGETED_DEVICE_FAMILY = "1,2";
				USER_HEADER_SEARCH_PATHS = "";
			};
			name = Debug;
		};
		176D11021D5CDF3B00A0DD31 /* Release */ = {
			isa = XCBuildConfiguration;
			buildSettings = {
				ASSETCATALOG_COMPILER_APPICON_NAME = AppIcon;
				HEADER_SEARCH_PATHS = "";
				INFOPLIST_FILE = BrushTest/Info.plist;
				LD_RUNPATH_SEARCH_PATHS = "$(inherited) @executable_path/Frameworks";
				LIBRARY_SEARCH_PATHS = (
					"$(inherited)",
					"$(PROJECT_DIR)/BrushTest",
				);
				OTHER_LDFLAGS = "-ObjC";
				PRODUCT_BUNDLE_IDENTIFIER = fglt.BrushTest;
				PRODUCT_NAME = "$(TARGET_NAME)";
				TARGETED_DEVICE_FAMILY = "1,2";
				USER_HEADER_SEARCH_PATHS = "";
			};
			name = Release;
		};
/* End XCBuildConfiguration section */

/* Begin XCConfigurationList section */
		176D10E41D5CDF3B00A0DD31 /* Build configuration list for PBXProject "BrushTest" */ = {
			isa = XCConfigurationList;
			buildConfigurations = (
				176D10FE1D5CDF3B00A0DD31 /* Debug */,
				176D10FF1D5CDF3B00A0DD31 /* Release */,
			);
			defaultConfigurationIsVisible = 0;
			defaultConfigurationName = Release;
		};
		176D11001D5CDF3B00A0DD31 /* Build configuration list for PBXNativeTarget "BrushTest" */ = {
			isa = XCConfigurationList;
			buildConfigurations = (
				176D11011D5CDF3B00A0DD31 /* Debug */,
				176D11021D5CDF3B00A0DD31 /* Release */,
			);
			defaultConfigurationIsVisible = 0;
			defaultConfigurationName = Release;
		};
/* End XCConfigurationList section */
	};
	rootObject = 176D10E11D5CDF3B00A0DD31 /* Project object */;
}
